// !$*UTF8*$!
{
	archiveVersion = 1;
	classes = {
	};
	objectVersion = 50;
	objects = {

/* Begin PBXBuildFile section */
		EAE0BFB525BDDE6100B55C73 /* AfricaApp_SwiftUIApp.swift in Sources */ = {isa = PBXBuildFile; fileRef = EAE0BFB425BDDE6100B55C73 /* AfricaApp_SwiftUIApp.swift */; };
		EAE0BFB725BDDE6100B55C73 /* ContentView.swift in Sources */ = {isa = PBXBuildFile; fileRef = EAE0BFB625BDDE6100B55C73 /* ContentView.swift */; };
		EAE0BFB925BDDE6300B55C73 /* Assets.xcassets in Resources */ = {isa = PBXBuildFile; fileRef = EAE0BFB825BDDE6300B55C73 /* Assets.xcassets */; };
		EAE0BFBC25BDDE6300B55C73 /* Preview Assets.xcassets in Resources */ = {isa = PBXBuildFile; fileRef = EAE0BFBB25BDDE6300B55C73 /* Preview Assets.xcassets */; };
		EAE0BFD025BDE0D200B55C73 /* hippo.mp4 in Resources */ = {isa = PBXBuildFile; fileRef = EAE0BFC625BDE0CF00B55C73 /* hippo.mp4 */; };
		EAE0BFD125BDE0D200B55C73 /* giraffe.mp4 in Resources */ = {isa = PBXBuildFile; fileRef = EAE0BFC725BDE0CF00B55C73 /* giraffe.mp4 */; };
		EAE0BFD225BDE0D200B55C73 /* lioness.mp4 in Resources */ = {isa = PBXBuildFile; fileRef = EAE0BFC825BDE0D000B55C73 /* lioness.mp4 */; };
		EAE0BFD325BDE0D200B55C73 /* elephant.mp4 in Resources */ = {isa = PBXBuildFile; fileRef = EAE0BFC925BDE0D000B55C73 /* elephant.mp4 */; };
		EAE0BFD425BDE0D200B55C73 /* rhino.mp4 in Resources */ = {isa = PBXBuildFile; fileRef = EAE0BFCA25BDE0D100B55C73 /* rhino.mp4 */; };
		EAE0BFD525BDE0D200B55C73 /* zebra.mp4 in Resources */ = {isa = PBXBuildFile; fileRef = EAE0BFCB25BDE0D100B55C73 /* zebra.mp4 */; };
		EAE0BFD625BDE0D200B55C73 /* lion.mp4 in Resources */ = {isa = PBXBuildFile; fileRef = EAE0BFCC25BDE0D100B55C73 /* lion.mp4 */; };
		EAE0BFD725BDE0D200B55C73 /* gorilla.mp4 in Resources */ = {isa = PBXBuildFile; fileRef = EAE0BFCD25BDE0D200B55C73 /* gorilla.mp4 */; };
		EAE0BFD825BDE0D200B55C73 /* ostrich.mp4 in Resources */ = {isa = PBXBuildFile; fileRef = EAE0BFCE25BDE0D200B55C73 /* ostrich.mp4 */; };
		EAE0BFD925BDE0D200B55C73 /* cheetah.mp4 in Resources */ = {isa = PBXBuildFile; fileRef = EAE0BFCF25BDE0D200B55C73 /* cheetah.mp4 */; };
		EAE0BFE025BDE10700B55C73 /* covers.json in Resources */ = {isa = PBXBuildFile; fileRef = EAE0BFDC25BDE10700B55C73 /* covers.json */; };
		EAE0BFE125BDE10700B55C73 /* animals.json in Resources */ = {isa = PBXBuildFile; fileRef = EAE0BFDD25BDE10700B55C73 /* animals.json */; };
		EAE0BFE225BDE10700B55C73 /* locations.json in Resources */ = {isa = PBXBuildFile; fileRef = EAE0BFDE25BDE10700B55C73 /* locations.json */; };
		EAE0BFE325BDE10700B55C73 /* videos.json in Resources */ = {isa = PBXBuildFile; fileRef = EAE0BFDF25BDE10700B55C73 /* videos.json */; };
		EAE0BFE825BDE2FA00B55C73 /* VideoListView.swift in Sources */ = {isa = PBXBuildFile; fileRef = EAE0BFE725BDE2FA00B55C73 /* VideoListView.swift */; };
		EAE0BFEB25BDE31800B55C73 /* MapView.swift in Sources */ = {isa = PBXBuildFile; fileRef = EAE0BFEA25BDE31800B55C73 /* MapView.swift */; };
		EAE0BFEE25BDE33400B55C73 /* GalleryView.swift in Sources */ = {isa = PBXBuildFile; fileRef = EAE0BFED25BDE33400B55C73 /* GalleryView.swift */; };
		EAE0BFF125BDE34C00B55C73 /* MainView.swift in Sources */ = {isa = PBXBuildFile; fileRef = EAE0BFF025BDE34C00B55C73 /* MainView.swift */; };
		EAE0BFF625BDE57400B55C73 /* CoverImageView.swift in Sources */ = {isa = PBXBuildFile; fileRef = EAE0BFF525BDE57400B55C73 /* CoverImageView.swift */; };
		EAE0BFFB25BDE6C000B55C73 /* CoverImageModel.swift in Sources */ = {isa = PBXBuildFile; fileRef = EAE0BFFA25BDE6C000B55C73 /* CoverImageModel.swift */; };
		EAE0BFFF25BDE89E00B55C73 /* CodableBundleExtension.swift in Sources */ = {isa = PBXBuildFile; fileRef = EAE0BFFE25BDE89E00B55C73 /* CodableBundleExtension.swift */; };
		EAE0C00325BDECE900B55C73 /* AnimalListItemView.swift in Sources */ = {isa = PBXBuildFile; fileRef = EAE0C00225BDECE900B55C73 /* AnimalListItemView.swift */; };
		EAE0C00625BDEF2100B55C73 /* AnimalModel.swift in Sources */ = {isa = PBXBuildFile; fileRef = EAE0C00525BDEF2100B55C73 /* AnimalModel.swift */; };
/* End PBXBuildFile section */

/* Begin PBXFileReference section */
		EAE0BFB125BDDE6100B55C73 /* AfricaApp-SwiftUI.app */ = {isa = PBXFileReference; explicitFileType = wrapper.application; includeInIndex = 0; path = "AfricaApp-SwiftUI.app"; sourceTree = BUILT_PRODUCTS_DIR; };
		EAE0BFB425BDDE6100B55C73 /* AfricaApp_SwiftUIApp.swift */ = {isa = PBXFileReference; lastKnownFileType = sourcecode.swift; path = AfricaApp_SwiftUIApp.swift; sourceTree = "<group>"; };
		EAE0BFB625BDDE6100B55C73 /* ContentView.swift */ = {isa = PBXFileReference; lastKnownFileType = sourcecode.swift; path = ContentView.swift; sourceTree = "<group>"; };
		EAE0BFB825BDDE6300B55C73 /* Assets.xcassets */ = {isa = PBXFileReference; lastKnownFileType = folder.assetcatalog; path = Assets.xcassets; sourceTree = "<group>"; };
		EAE0BFBB25BDDE6300B55C73 /* Preview Assets.xcassets */ = {isa = PBXFileReference; lastKnownFileType = folder.assetcatalog; path = "Preview Assets.xcassets"; sourceTree = "<group>"; };
		EAE0BFBD25BDDE6300B55C73 /* Info.plist */ = {isa = PBXFileReference; lastKnownFileType = text.plist.xml; path = Info.plist; sourceTree = "<group>"; };
		EAE0BFC625BDE0CF00B55C73 /* hippo.mp4 */ = {isa = PBXFileReference; lastKnownFileType = file; path = hippo.mp4; sourceTree = "<group>"; };
		EAE0BFC725BDE0CF00B55C73 /* giraffe.mp4 */ = {isa = PBXFileReference; lastKnownFileType = file; path = giraffe.mp4; sourceTree = "<group>"; };
		EAE0BFC825BDE0D000B55C73 /* lioness.mp4 */ = {isa = PBXFileReference; lastKnownFileType = file; path = lioness.mp4; sourceTree = "<group>"; };
		EAE0BFC925BDE0D000B55C73 /* elephant.mp4 */ = {isa = PBXFileReference; lastKnownFileType = file; path = elephant.mp4; sourceTree = "<group>"; };
		EAE0BFCA25BDE0D100B55C73 /* rhino.mp4 */ = {isa = PBXFileReference; lastKnownFileType = file; path = rhino.mp4; sourceTree = "<group>"; };
		EAE0BFCB25BDE0D100B55C73 /* zebra.mp4 */ = {isa = PBXFileReference; lastKnownFileType = file; path = zebra.mp4; sourceTree = "<group>"; };
		EAE0BFCC25BDE0D100B55C73 /* lion.mp4 */ = {isa = PBXFileReference; lastKnownFileType = file; path = lion.mp4; sourceTree = "<group>"; };
		EAE0BFCD25BDE0D200B55C73 /* gorilla.mp4 */ = {isa = PBXFileReference; lastKnownFileType = file; path = gorilla.mp4; sourceTree = "<group>"; };
		EAE0BFCE25BDE0D200B55C73 /* ostrich.mp4 */ = {isa = PBXFileReference; lastKnownFileType = file; path = ostrich.mp4; sourceTree = "<group>"; };
		EAE0BFCF25BDE0D200B55C73 /* cheetah.mp4 */ = {isa = PBXFileReference; lastKnownFileType = file; path = cheetah.mp4; sourceTree = "<group>"; };
		EAE0BFDC25BDE10700B55C73 /* covers.json */ = {isa = PBXFileReference; fileEncoding = 4; lastKnownFileType = text.json; path = covers.json; sourceTree = "<group>"; };
		EAE0BFDD25BDE10700B55C73 /* animals.json */ = {isa = PBXFileReference; fileEncoding = 4; lastKnownFileType = text.json; path = animals.json; sourceTree = "<group>"; };
		EAE0BFDE25BDE10700B55C73 /* locations.json */ = {isa = PBXFileReference; fileEncoding = 4; lastKnownFileType = text.json; path = locations.json; sourceTree = "<group>"; };
		EAE0BFDF25BDE10700B55C73 /* videos.json */ = {isa = PBXFileReference; fileEncoding = 4; lastKnownFileType = text.json; path = videos.json; sourceTree = "<group>"; };
		EAE0BFE725BDE2FA00B55C73 /* VideoListView.swift */ = {isa = PBXFileReference; lastKnownFileType = sourcecode.swift; path = VideoListView.swift; sourceTree = SOURCE_ROOT; };
		EAE0BFEA25BDE31800B55C73 /* MapView.swift */ = {isa = PBXFileReference; lastKnownFileType = sourcecode.swift; path = MapView.swift; sourceTree = "<group>"; };
		EAE0BFED25BDE33400B55C73 /* GalleryView.swift */ = {isa = PBXFileReference; lastKnownFileType = sourcecode.swift; path = GalleryView.swift; sourceTree = "<group>"; };
		EAE0BFF025BDE34C00B55C73 /* MainView.swift */ = {isa = PBXFileReference; lastKnownFileType = sourcecode.swift; path = MainView.swift; sourceTree = "<group>"; };
		EAE0BFF525BDE57400B55C73 /* CoverImageView.swift */ = {isa = PBXFileReference; lastKnownFileType = sourcecode.swift; path = CoverImageView.swift; sourceTree = "<group>"; };
		EAE0BFFA25BDE6C000B55C73 /* CoverImageModel.swift */ = {isa = PBXFileReference; lastKnownFileType = sourcecode.swift; path = CoverImageModel.swift; sourceTree = "<group>"; };
		EAE0BFFE25BDE89E00B55C73 /* CodableBundleExtension.swift */ = {isa = PBXFileReference; lastKnownFileType = sourcecode.swift; path = CodableBundleExtension.swift; sourceTree = "<group>"; };
		EAE0C00225BDECE900B55C73 /* AnimalListItemView.swift */ = {isa = PBXFileReference; lastKnownFileType = sourcecode.swift; path = AnimalListItemView.swift; sourceTree = "<group>"; };
		EAE0C00525BDEF2100B55C73 /* AnimalModel.swift */ = {isa = PBXFileReference; lastKnownFileType = sourcecode.swift; path = AnimalModel.swift; sourceTree = "<group>"; };
/* End PBXFileReference section */

/* Begin PBXFrameworksBuildPhase section */
		EAE0BFAE25BDDE6100B55C73 /* Frameworks */ = {
			isa = PBXFrameworksBuildPhase;
			buildActionMask = 2147483647;
			files = (
			);
			runOnlyForDeploymentPostprocessing = 0;
		};
/* End PBXFrameworksBuildPhase section */

/* Begin PBXGroup section */
		EAE0BFA825BDDE6100B55C73 = {
			isa = PBXGroup;
			children = (
				EAE0BFB325BDDE6100B55C73 /* AfricaApp-SwiftUI */,
				EAE0BFB225BDDE6100B55C73 /* Products */,
			);
			sourceTree = "<group>";
		};
		EAE0BFB225BDDE6100B55C73 /* Products */ = {
			isa = PBXGroup;
			children = (
				EAE0BFB125BDDE6100B55C73 /* AfricaApp-SwiftUI.app */,
			);
			name = Products;
			sourceTree = "<group>";
		};
		EAE0BFB325BDDE6100B55C73 /* AfricaApp-SwiftUI */ = {
			isa = PBXGroup;
			children = (
				EAE0BFFD25BDE88B00B55C73 /* Extensions */,
				EAE0BFF925BDE6AC00B55C73 /* Model */,
				EAE0BFF425BDE56100B55C73 /* View */,
				EAE0BFDB25BDE0F200B55C73 /* Data */,
				EAE0BFC525BDE0AE00B55C73 /* Video */,
				EAE0BFE525BDE2C600B55C73 /* App */,
				EAE0BFB825BDDE6300B55C73 /* Assets.xcassets */,
				EAE0BFBD25BDDE6300B55C73 /* Info.plist */,
				EAE0BFBA25BDDE6300B55C73 /* Preview Content */,
			);
			path = "AfricaApp-SwiftUI";
			sourceTree = "<group>";
		};
		EAE0BFBA25BDDE6300B55C73 /* Preview Content */ = {
			isa = PBXGroup;
			children = (
				EAE0BFBB25BDDE6300B55C73 /* Preview Assets.xcassets */,
			);
			path = "Preview Content";
			sourceTree = "<group>";
		};
		EAE0BFC525BDE0AE00B55C73 /* Video */ = {
			isa = PBXGroup;
			children = (
				EAE0BFCF25BDE0D200B55C73 /* cheetah.mp4 */,
				EAE0BFC925BDE0D000B55C73 /* elephant.mp4 */,
				EAE0BFC725BDE0CF00B55C73 /* giraffe.mp4 */,
				EAE0BFCD25BDE0D200B55C73 /* gorilla.mp4 */,
				EAE0BFC625BDE0CF00B55C73 /* hippo.mp4 */,
				EAE0BFCC25BDE0D100B55C73 /* lion.mp4 */,
				EAE0BFC825BDE0D000B55C73 /* lioness.mp4 */,
				EAE0BFCE25BDE0D200B55C73 /* ostrich.mp4 */,
				EAE0BFCA25BDE0D100B55C73 /* rhino.mp4 */,
				EAE0BFCB25BDE0D100B55C73 /* zebra.mp4 */,
			);
			path = Video;
			sourceTree = "<group>";
		};
		EAE0BFDB25BDE0F200B55C73 /* Data */ = {
			isa = PBXGroup;
			children = (
				EAE0BFDD25BDE10700B55C73 /* animals.json */,
				EAE0BFDC25BDE10700B55C73 /* covers.json */,
				EAE0BFDE25BDE10700B55C73 /* locations.json */,
				EAE0BFDF25BDE10700B55C73 /* videos.json */,
			);
			path = Data;
			sourceTree = "<group>";
		};
		EAE0BFE525BDE2C600B55C73 /* App */ = {
			isa = PBXGroup;
			children = (
				EAE0BFB425BDDE6100B55C73 /* AfricaApp_SwiftUIApp.swift */,
				EAE0BFB625BDDE6100B55C73 /* ContentView.swift */,
				EAE0BFE725BDE2FA00B55C73 /* VideoListView.swift */,
				EAE0BFEA25BDE31800B55C73 /* MapView.swift */,
				EAE0BFED25BDE33400B55C73 /* GalleryView.swift */,
				EAE0BFF025BDE34C00B55C73 /* MainView.swift */,
			);
			path = App;
			sourceTree = "<group>";
		};
		EAE0BFF425BDE56100B55C73 /* View */ = {
			isa = PBXGroup;
			children = (
				EAE0BFF525BDE57400B55C73 /* CoverImageView.swift */,
				EAE0C00225BDECE900B55C73 /* AnimalListItemView.swift */,
			);
			path = View;
			sourceTree = "<group>";
		};
		EAE0BFF925BDE6AC00B55C73 /* Model */ = {
			isa = PBXGroup;
			children = (
				EAE0BFFA25BDE6C000B55C73 /* CoverImageModel.swift */,
				EAE0C00525BDEF2100B55C73 /* AnimalModel.swift */,
			);
			path = Model;
			sourceTree = "<group>";
		};
		EAE0BFFD25BDE88B00B55C73 /* Extensions */ = {
			isa = PBXGroup;
			children = (
				EAE0BFFE25BDE89E00B55C73 /* CodableBundleExtension.swift */,
			);
			path = Extensions;
			sourceTree = "<group>";
		};
/* End PBXGroup section */

/* Begin PBXNativeTarget section */
		EAE0BFB025BDDE6100B55C73 /* AfricaApp-SwiftUI */ = {
			isa = PBXNativeTarget;
			buildConfigurationList = EAE0BFC025BDDE6300B55C73 /* Build configuration list for PBXNativeTarget "AfricaApp-SwiftUI" */;
			buildPhases = (
				EAE0BFAD25BDDE6100B55C73 /* Sources */,
				EAE0BFAE25BDDE6100B55C73 /* Frameworks */,
				EAE0BFAF25BDDE6100B55C73 /* Resources */,
			);
			buildRules = (
			);
			dependencies = (
			);
			name = "AfricaApp-SwiftUI";
			productName = "AfricaApp-SwiftUI";
			productReference = EAE0BFB125BDDE6100B55C73 /* AfricaApp-SwiftUI.app */;
			productType = "com.apple.product-type.application";
		};
/* End PBXNativeTarget section */

/* Begin PBXProject section */
		EAE0BFA925BDDE6100B55C73 /* Project object */ = {
			isa = PBXProject;
			attributes = {
				LastSwiftUpdateCheck = 1220;
				LastUpgradeCheck = 1220;
				TargetAttributes = {
					EAE0BFB025BDDE6100B55C73 = {
						CreatedOnToolsVersion = 12.2;
					};
				};
			};
			buildConfigurationList = EAE0BFAC25BDDE6100B55C73 /* Build configuration list for PBXProject "AfricaApp-SwiftUI" */;
			compatibilityVersion = "Xcode 9.3";
			developmentRegion = en;
			hasScannedForEncodings = 0;
			knownRegions = (
				en,
				Base,
			);
			mainGroup = EAE0BFA825BDDE6100B55C73;
			productRefGroup = EAE0BFB225BDDE6100B55C73 /* Products */;
			projectDirPath = "";
			projectRoot = "";
			targets = (
				EAE0BFB025BDDE6100B55C73 /* AfricaApp-SwiftUI */,
			);
		};
/* End PBXProject section */

/* Begin PBXResourcesBuildPhase section */
		EAE0BFAF25BDDE6100B55C73 /* Resources */ = {
			isa = PBXResourcesBuildPhase;
			buildActionMask = 2147483647;
			files = (
				EAE0BFE025BDE10700B55C73 /* covers.json in Resources */,
				EAE0BFBC25BDDE6300B55C73 /* Preview Assets.xcassets in Resources */,
				EAE0BFD025BDE0D200B55C73 /* hippo.mp4 in Resources */,
				EAE0BFD725BDE0D200B55C73 /* gorilla.mp4 in Resources */,
				EAE0BFD325BDE0D200B55C73 /* elephant.mp4 in Resources */,
				EAE0BFD225BDE0D200B55C73 /* lioness.mp4 in Resources */,
				EAE0BFD525BDE0D200B55C73 /* zebra.mp4 in Resources */,
				EAE0BFE225BDE10700B55C73 /* locations.json in Resources */,
				EAE0BFE125BDE10700B55C73 /* animals.json in Resources */,
				EAE0BFD425BDE0D200B55C73 /* rhino.mp4 in Resources */,
				EAE0BFD125BDE0D200B55C73 /* giraffe.mp4 in Resources */,
				EAE0BFD925BDE0D200B55C73 /* cheetah.mp4 in Resources */,
				EAE0BFD625BDE0D200B55C73 /* lion.mp4 in Resources */,
				EAE0BFE325BDE10700B55C73 /* videos.json in Resources */,
				EAE0BFB925BDDE6300B55C73 /* Assets.xcassets in Resources */,
				EAE0BFD825BDE0D200B55C73 /* ostrich.mp4 in Resources */,
			);
			runOnlyForDeploymentPostprocessing = 0;
		};
/* End PBXResourcesBuildPhase section */

/* Begin PBXSourcesBuildPhase section */
		EAE0BFAD25BDDE6100B55C73 /* Sources */ = {
			isa = PBXSourcesBuildPhase;
			buildActionMask = 2147483647;
			files = (
				EAE0BFB725BDDE6100B55C73 /* ContentView.swift in Sources */,
				EAE0C00325BDECE900B55C73 /* AnimalListItemView.swift in Sources */,
				EAE0BFF125BDE34C00B55C73 /* MainView.swift in Sources */,
				EAE0BFF625BDE57400B55C73 /* CoverImageView.swift in Sources */,
				EAE0BFFB25BDE6C000B55C73 /* CoverImageModel.swift in Sources */,
				EAE0C00625BDEF2100B55C73 /* AnimalModel.swift in Sources */,
				EAE0BFEB25BDE31800B55C73 /* MapView.swift in Sources */,
				EAE0BFB525BDDE6100B55C73 /* AfricaApp_SwiftUIApp.swift in Sources */,
				EAE0BFE825BDE2FA00B55C73 /* VideoListView.swift in Sources */,
				EAE0BFEE25BDE33400B55C73 /* GalleryView.swift in Sources */,
				EAE0BFFF25BDE89E00B55C73 /* CodableBundleExtension.swift in Sources */,
			);
			runOnlyForDeploymentPostprocessing = 0;
		};
/* End PBXSourcesBuildPhase section */

/* Begin XCBuildConfiguration section */
		EAE0BFBE25BDDE6300B55C73 /* Debug */ = {
			isa = XCBuildConfiguration;
			buildSettings = {
				ALWAYS_SEARCH_USER_PATHS = NO;
				CLANG_ANALYZER_NONNULL = YES;
				CLANG_ANALYZER_NUMBER_OBJECT_CONVERSION = YES_AGGRESSIVE;
				CLANG_CXX_LANGUAGE_STANDARD = "gnu++14";
				CLANG_CXX_LIBRARY = "libc++";
				CLANG_ENABLE_MODULES = YES;
				CLANG_ENABLE_OBJC_ARC = YES;
				CLANG_ENABLE_OBJC_WEAK = YES;
				CLANG_WARN_BLOCK_CAPTURE_AUTORELEASING = YES;
				CLANG_WARN_BOOL_CONVERSION = YES;
				CLANG_WARN_COMMA = YES;
				CLANG_WARN_CONSTANT_CONVERSION = YES;
				CLANG_WARN_DEPRECATED_OBJC_IMPLEMENTATIONS = YES;
				CLANG_WARN_DIRECT_OBJC_ISA_USAGE = YES_ERROR;
				CLANG_WARN_DOCUMENTATION_COMMENTS = YES;
				CLANG_WARN_EMPTY_BODY = YES;
				CLANG_WARN_ENUM_CONVERSION = YES;
				CLANG_WARN_INFINITE_RECURSION = YES;
				CLANG_WARN_INT_CONVERSION = YES;
				CLANG_WARN_NON_LITERAL_NULL_CONVERSION = YES;
				CLANG_WARN_OBJC_IMPLICIT_RETAIN_SELF = YES;
				CLANG_WARN_OBJC_LITERAL_CONVERSION = YES;
				CLANG_WARN_OBJC_ROOT_CLASS = YES_ERROR;
				CLANG_WARN_QUOTED_INCLUDE_IN_FRAMEWORK_HEADER = YES;
				CLANG_WARN_RANGE_LOOP_ANALYSIS = YES;
				CLANG_WARN_STRICT_PROTOTYPES = YES;
				CLANG_WARN_SUSPICIOUS_MOVE = YES;
				CLANG_WARN_UNGUARDED_AVAILABILITY = YES_AGGRESSIVE;
				CLANG_WARN_UNREACHABLE_CODE = YES;
				CLANG_WARN__DUPLICATE_METHOD_MATCH = YES;
				COPY_PHASE_STRIP = NO;
				DEBUG_INFORMATION_FORMAT = dwarf;
				ENABLE_STRICT_OBJC_MSGSEND = YES;
				ENABLE_TESTABILITY = YES;
				GCC_C_LANGUAGE_STANDARD = gnu11;
				GCC_DYNAMIC_NO_PIC = NO;
				GCC_NO_COMMON_BLOCKS = YES;
				GCC_OPTIMIZATION_LEVEL = 0;
				GCC_PREPROCESSOR_DEFINITIONS = (
					"DEBUG=1",
					"$(inherited)",
				);
				GCC_WARN_64_TO_32_BIT_CONVERSION = YES;
				GCC_WARN_ABOUT_RETURN_TYPE = YES_ERROR;
				GCC_WARN_UNDECLARED_SELECTOR = YES;
				GCC_WARN_UNINITIALIZED_AUTOS = YES_AGGRESSIVE;
				GCC_WARN_UNUSED_FUNCTION = YES;
				GCC_WARN_UNUSED_VARIABLE = YES;
				IPHONEOS_DEPLOYMENT_TARGET = 14.2;
				MTL_ENABLE_DEBUG_INFO = INCLUDE_SOURCE;
				MTL_FAST_MATH = YES;
				ONLY_ACTIVE_ARCH = YES;
				SDKROOT = iphoneos;
				SWIFT_ACTIVE_COMPILATION_CONDITIONS = DEBUG;
				SWIFT_OPTIMIZATION_LEVEL = "-Onone";
			};
			name = Debug;
		};
		EAE0BFBF25BDDE6300B55C73 /* Release */ = {
			isa = XCBuildConfiguration;
			buildSettings = {
				ALWAYS_SEARCH_USER_PATHS = NO;
				CLANG_ANALYZER_NONNULL = YES;
				CLANG_ANALYZER_NUMBER_OBJECT_CONVERSION = YES_AGGRESSIVE;
				CLANG_CXX_LANGUAGE_STANDARD = "gnu++14";
				CLANG_CXX_LIBRARY = "libc++";
				CLANG_ENABLE_MODULES = YES;
				CLANG_ENABLE_OBJC_ARC = YES;
				CLANG_ENABLE_OBJC_WEAK = YES;
				CLANG_WARN_BLOCK_CAPTURE_AUTORELEASING = YES;
				CLANG_WARN_BOOL_CONVERSION = YES;
				CLANG_WARN_COMMA = YES;
				CLANG_WARN_CONSTANT_CONVERSION = YES;
				CLANG_WARN_DEPRECATED_OBJC_IMPLEMENTATIONS = YES;
				CLANG_WARN_DIRECT_OBJC_ISA_USAGE = YES_ERROR;
				CLANG_WARN_DOCUMENTATION_COMMENTS = YES;
				CLANG_WARN_EMPTY_BODY = YES;
				CLANG_WARN_ENUM_CONVERSION = YES;
				CLANG_WARN_INFINITE_RECURSION = YES;
				CLANG_WARN_INT_CONVERSION = YES;
				CLANG_WARN_NON_LITERAL_NULL_CONVERSION = YES;
				CLANG_WARN_OBJC_IMPLICIT_RETAIN_SELF = YES;
				CLANG_WARN_OBJC_LITERAL_CONVERSION = YES;
				CLANG_WARN_OBJC_ROOT_CLASS = YES_ERROR;
				CLANG_WARN_QUOTED_INCLUDE_IN_FRAMEWORK_HEADER = YES;
				CLANG_WARN_RANGE_LOOP_ANALYSIS = YES;
				CLANG_WARN_STRICT_PROTOTYPES = YES;
				CLANG_WARN_SUSPICIOUS_MOVE = YES;
				CLANG_WARN_UNGUARDED_AVAILABILITY = YES_AGGRESSIVE;
				CLANG_WARN_UNREACHABLE_CODE = YES;
				CLANG_WARN__DUPLICATE_METHOD_MATCH = YES;
				COPY_PHASE_STRIP = NO;
				DEBUG_INFORMATION_FORMAT = "dwarf-with-dsym";
				ENABLE_NS_ASSERTIONS = NO;
				ENABLE_STRICT_OBJC_MSGSEND = YES;
				GCC_C_LANGUAGE_STANDARD = gnu11;
				GCC_NO_COMMON_BLOCKS = YES;
				GCC_WARN_64_TO_32_BIT_CONVERSION = YES;
				GCC_WARN_ABOUT_RETURN_TYPE = YES_ERROR;
				GCC_WARN_UNDECLARED_SELECTOR = YES;
				GCC_WARN_UNINITIALIZED_AUTOS = YES_AGGRESSIVE;
				GCC_WARN_UNUSED_FUNCTION = YES;
				GCC_WARN_UNUSED_VARIABLE = YES;
				IPHONEOS_DEPLOYMENT_TARGET = 14.2;
				MTL_ENABLE_DEBUG_INFO = NO;
				MTL_FAST_MATH = YES;
				SDKROOT = iphoneos;
				SWIFT_COMPILATION_MODE = wholemodule;
				SWIFT_OPTIMIZATION_LEVEL = "-O";
				VALIDATE_PRODUCT = YES;
			};
			name = Release;
		};
		EAE0BFC125BDDE6300B55C73 /* Debug */ = {
			isa = XCBuildConfiguration;
			buildSettings = {
				ASSETCATALOG_COMPILER_APPICON_NAME = AppIcon;
				ASSETCATALOG_COMPILER_GLOBAL_ACCENT_COLOR_NAME = AccentColor;
				CODE_SIGN_STYLE = Automatic;
				DEVELOPMENT_ASSET_PATHS = "\"AfricaApp-SwiftUI/Preview Content\"";
				DEVELOPMENT_TEAM = P3MY8KZZK3;
				ENABLE_PREVIEWS = YES;
				INFOPLIST_FILE = "AfricaApp-SwiftUI/Info.plist";
				IPHONEOS_DEPLOYMENT_TARGET = 14.0;
				LD_RUNPATH_SEARCH_PATHS = (
					"$(inherited)",
					"@executable_path/Frameworks",
				);
				PRODUCT_BUNDLE_IDENTIFIER = "com.RamiOunifi.AfricaApp-SwiftUI";
				PRODUCT_NAME = "$(TARGET_NAME)";
				SWIFT_VERSION = 5.0;
				TARGETED_DEVICE_FAMILY = "1,2";
			};
			name = Debug;
		};
		EAE0BFC225BDDE6300B55C73 /* Release */ = {
			isa = XCBuildConfiguration;
			buildSettings = {
				ASSETCATALOG_COMPILER_APPICON_NAME = AppIcon;
				ASSETCATALOG_COMPILER_GLOBAL_ACCENT_COLOR_NAME = AccentColor;
				CODE_SIGN_STYLE = Automatic;
				DEVELOPMENT_ASSET_PATHS = "\"AfricaApp-SwiftUI/Preview Content\"";
				DEVELOPMENT_TEAM = P3MY8KZZK3;
				ENABLE_PREVIEWS = YES;
				INFOPLIST_FILE = "AfricaApp-SwiftUI/Info.plist";
				IPHONEOS_DEPLOYMENT_TARGET = 14.0;
				LD_RUNPATH_SEARCH_PATHS = (
					"$(inherited)",
					"@executable_path/Frameworks",
				);
				PRODUCT_BUNDLE_IDENTIFIER = "com.RamiOunifi.AfricaApp-SwiftUI";
				PRODUCT_NAME = "$(TARGET_NAME)";
				SWIFT_VERSION = 5.0;
				TARGETED_DEVICE_FAMILY = "1,2";
			};
			name = Release;
		};
/* End XCBuildConfiguration section */

/* Begin XCConfigurationList section */
		EAE0BFAC25BDDE6100B55C73 /* Build configuration list for PBXProject "AfricaApp-SwiftUI" */ = {
			isa = XCConfigurationList;
			buildConfigurations = (
				EAE0BFBE25BDDE6300B55C73 /* Debug */,
				EAE0BFBF25BDDE6300B55C73 /* Release */,
			);
			defaultConfigurationIsVisible = 0;
			defaultConfigurationName = Release;
		};
		EAE0BFC025BDDE6300B55C73 /* Build configuration list for PBXNativeTarget "AfricaApp-SwiftUI" */ = {
			isa = XCConfigurationList;
			buildConfigurations = (
				EAE0BFC125BDDE6300B55C73 /* Debug */,
				EAE0BFC225BDDE6300B55C73 /* Release */,
			);
			defaultConfigurationIsVisible = 0;
			defaultConfigurationName = Release;
		};
/* End XCConfigurationList section */
	};
	rootObject = EAE0BFA925BDDE6100B55C73 /* Project object */;
}
